
Microsoft Visual Studio Solution File, Format Version 12.00
# Visual Studio Version 17
VisualStudioVersion = 17.8.34330.188
MinimumVisualStudioVersion = 10.0.40219.1
Project("{FAE04EC0-301F-11D3-BF4B-00C04F79EFBC}") = "Sensor_Server", "Sensor_Server\Sensor_Server.csproj", "{D71AC2B9-30C4-40CF-BEA8-D79C35595928}"
EndProject
Global
	GlobalSection(SolutionConfigurationPlatforms) = preSolution
		Debug|Any CPU = Debug|Any CPU
		Release|Any CPU = Release|Any CPU
	EndGlobalSection
	GlobalSection(ProjectConfigurationPlatforms) = postSolution
		{D71AC2B9-30C4-40CF-BEA8-D79C35595928}.Debug|Any CPU.ActiveCfg = Debug|Any CPU
		{D71AC2B9-30C4-40CF-BEA8-D79C35595928}.Debug|Any CPU.Build.0 = Debug|Any CPU
		{D71AC2B9-30C4-40CF-BEA8-D79C35595928}.Release|Any CPU.ActiveCfg = Release|Any CPU
		{D71AC2B9-30C4-40CF-BEA8-D79C35595928}.Release|Any CPU.Build.0 = Release|Any CPU
	EndGlobalSection
	GlobalSection(SolutionProperties) = preSolution
		HideSolutionNode = FALSE
	EndGlobalSection
	GlobalSection(ExtensibilityGlobals) = postSolution
		SolutionGuid = {1613463B-235A-4FC3-9646-E9558C8F0619}
	EndGlobalSection
EndGlobal
